// !$*UTF8*$!
{
	archiveVersion = 1;
	classes = {
	};
	objectVersion = 52;
	objects = {

/* Begin PBXBuildFile section */
		870EC7DF27CAEF920029A3B7 /* LikeViewModel.swift in Sources */ = {isa = PBXBuildFile; fileRef = 870EC7DE27CAEF920029A3B7 /* LikeViewModel.swift */; };
		870EFB0927C647F500C2212D /* QGrid in Frameworks */ = {isa = PBXBuildFile; productRef = 870EFB0827C647F500C2212D /* QGrid */; };
		870EFB0B27C6498D00C2212D /* LikeModel.swift in Sources */ = {isa = PBXBuildFile; fileRef = 870EFB0A27C6498D00C2212D /* LikeModel.swift */; };
		870EFB0D27C64A4800C2212D /* MyDateFormatter.swift in Sources */ = {isa = PBXBuildFile; fileRef = 870EFB0C27C64A4800C2212D /* MyDateFormatter.swift */; };
		87171BEE27C17AA900F018E9 /* FriendCell.swift in Sources */ = {isa = PBXBuildFile; fileRef = 87171BED27C17AA900F018E9 /* FriendCell.swift */; };
		87171BF027C17ABD00F018E9 /* GroupCell.swift in Sources */ = {isa = PBXBuildFile; fileRef = 87171BEF27C17ABD00F018E9 /* GroupCell.swift */; };
		87171BF427C17BFC00F018E9 /* FriendModel.swift in Sources */ = {isa = PBXBuildFile; fileRef = 87171BF327C17BFC00F018E9 /* FriendModel.swift */; };
		871DA41F27B7C18600A66075 /* FriendsView.swift in Sources */ = {isa = PBXBuildFile; fileRef = 871DA41E27B7C18600A66075 /* FriendsView.swift */; };
		871DA42627B7C5EE00A66075 /* ViewBuilder.swift in Sources */ = {isa = PBXBuildFile; fileRef = 871DA42527B7C5EE00A66075 /* ViewBuilder.swift */; };
		871DA42827B7C76900A66075 /* ViewModifier.swift in Sources */ = {isa = PBXBuildFile; fileRef = 871DA42727B7C76900A66075 /* ViewModifier.swift */; };
		871DA42A27B7D14100A66075 /* GroupsView.swift in Sources */ = {isa = PBXBuildFile; fileRef = 871DA42927B7D14100A66075 /* GroupsView.swift */; };
		872D13E327C3DD3000E4061C /* Alamofire in Frameworks */ = {isa = PBXBuildFile; productRef = 872D13E227C3DD3000E4061C /* Alamofire */; };
		8741CE5E27B1442C00EF26BF /* VK_SwiftUIApp.swift in Sources */ = {isa = PBXBuildFile; fileRef = 8741CE5D27B1442C00EF26BF /* VK_SwiftUIApp.swift */; };
		8741CE6027B1442C00EF26BF /* LoginView.swift in Sources */ = {isa = PBXBuildFile; fileRef = 8741CE5F27B1442C00EF26BF /* LoginView.swift */; };
		8741CE6227B1442D00EF26BF /* Assets.xcassets in Resources */ = {isa = PBXBuildFile; fileRef = 8741CE6127B1442D00EF26BF /* Assets.xcassets */; };
		8741CE6527B1442D00EF26BF /* Preview Assets.xcassets in Resources */ = {isa = PBXBuildFile; fileRef = 8741CE6427B1442D00EF26BF /* Preview Assets.xcassets */; };
		8743C82327BD898F00B80517 /* MainTabBarView.swift in Sources */ = {isa = PBXBuildFile; fileRef = 8743C82227BD898F00B80517 /* MainTabBarView.swift */; };
		8743C82527BD8CC100B80517 /* NewsView.swift in Sources */ = {isa = PBXBuildFile; fileRef = 8743C82427BD8CC100B80517 /* NewsView.swift */; };
		8743C82827BD91E200B80517 /* ContainerView.swift in Sources */ = {isa = PBXBuildFile; fileRef = 8743C82727BD91E200B80517 /* ContainerView.swift */; };
		8743C82B27BD958900B80517 /* ASCollectionView in Frameworks */ = {isa = PBXBuildFile; productRef = 8743C82A27BD958900B80517 /* ASCollectionView */; };
		8743C82D27BD98F600B80517 /* FriendProfileView.swift in Sources */ = {isa = PBXBuildFile; fileRef = 8743C82C27BD98F600B80517 /* FriendProfileView.swift */; };
		87E9214E27C24DEA00FD42A9 /* SwiftyJSON in Frameworks */ = {isa = PBXBuildFile; productRef = 87E9214D27C24DEA00FD42A9 /* SwiftyJSON */; };
		87E9215127C24E5900FD42A9 /* Kingfisher in Frameworks */ = {isa = PBXBuildFile; productRef = 87E9215027C24E5900FD42A9 /* Kingfisher */; };
		87E9215427C2590F00FD42A9 /* RealmCore in Frameworks */ = {isa = PBXBuildFile; productRef = 87E9215327C2590F00FD42A9 /* RealmCore */; };
		87E9215927C25D3100FD42A9 /* VKAuthWebView.swift in Sources */ = {isa = PBXBuildFile; fileRef = 87E9215827C25D3100FD42A9 /* VKAuthWebView.swift */; };
		87E9215C27C25DFF00FD42A9 /* Account.swift in Sources */ = {isa = PBXBuildFile; fileRef = 87E9215B27C25DFF00FD42A9 /* Account.swift */; };
		87E9215F27C25EF900FD42A9 /* SwiftKeychainWrapper in Frameworks */ = {isa = PBXBuildFile; productRef = 87E9215E27C25EF900FD42A9 /* SwiftKeychainWrapper */; };
		87E9216127C263A600FD42A9 /* FriendsAPI.swift in Sources */ = {isa = PBXBuildFile; fileRef = 87E9216027C263A600FD42A9 /* FriendsAPI.swift */; };
		87E9216427C26C7600FD42A9 /* Realm in Frameworks */ = {isa = PBXBuildFile; productRef = 87E9216327C26C7600FD42A9 /* Realm */; };
		87E9216627C26C7600FD42A9 /* RealmSwift in Frameworks */ = {isa = PBXBuildFile; productRef = 87E9216527C26C7600FD42A9 /* RealmSwift */; };
		87E9216927C26D1100FD42A9 /* FriendsDB.swift in Sources */ = {isa = PBXBuildFile; fileRef = 87E9216827C26D1100FD42A9 /* FriendsDB.swift */; };
		87E9216C27C26FCA00FD42A9 /* FriendsViewModel.swift in Sources */ = {isa = PBXBuildFile; fileRef = 87E9216B27C26FCA00FD42A9 /* FriendsViewModel.swift */; };
		87E9216E27C27D7300FD42A9 /* GroupsAPI.swift in Sources */ = {isa = PBXBuildFile; fileRef = 87E9216D27C27D7300FD42A9 /* GroupsAPI.swift */; };
		87E9217027C27DAA00FD42A9 /* GroupModel.swift in Sources */ = {isa = PBXBuildFile; fileRef = 87E9216F27C27DAA00FD42A9 /* GroupModel.swift */; };
		87E9217227C2825E00FD42A9 /* GroupsViewModel.swift in Sources */ = {isa = PBXBuildFile; fileRef = 87E9217127C2825E00FD42A9 /* GroupsViewModel.swift */; };
		87E9217427C28E8400FD42A9 /* NewsAPI.swift in Sources */ = {isa = PBXBuildFile; fileRef = 87E9217327C28E8400FD42A9 /* NewsAPI.swift */; };
		87E9217627C28ED900FD42A9 /* NewsModel.swift in Sources */ = {isa = PBXBuildFile; fileRef = 87E9217527C28ED900FD42A9 /* NewsModel.swift */; };
		87E9217927C28F5900FD42A9 /* NewsCell.swift in Sources */ = {isa = PBXBuildFile; fileRef = 87E9217827C28F5900FD42A9 /* NewsCell.swift */; };
		87E9217B27C28FAA00FD42A9 /* NewsViewModel.swift in Sources */ = {isa = PBXBuildFile; fileRef = 87E9217A27C28FAA00FD42A9 /* NewsViewModel.swift */; };
/* End PBXBuildFile section */

/* Begin PBXFileReference section */
		870EC7DE27CAEF920029A3B7 /* LikeViewModel.swift */ = {isa = PBXFileReference; lastKnownFileType = sourcecode.swift; path = LikeViewModel.swift; sourceTree = "<group>"; };
		870EFB0A27C6498D00C2212D /* LikeModel.swift */ = {isa = PBXFileReference; lastKnownFileType = sourcecode.swift; path = LikeModel.swift; sourceTree = "<group>"; };
		870EFB0C27C64A4800C2212D /* MyDateFormatter.swift */ = {isa = PBXFileReference; lastKnownFileType = sourcecode.swift; path = MyDateFormatter.swift; sourceTree = "<group>"; };
		87171BED27C17AA900F018E9 /* FriendCell.swift */ = {isa = PBXFileReference; lastKnownFileType = sourcecode.swift; path = FriendCell.swift; sourceTree = "<group>"; };
		87171BEF27C17ABD00F018E9 /* GroupCell.swift */ = {isa = PBXFileReference; lastKnownFileType = sourcecode.swift; path = GroupCell.swift; sourceTree = "<group>"; };
		87171BF327C17BFC00F018E9 /* FriendModel.swift */ = {isa = PBXFileReference; lastKnownFileType = sourcecode.swift; path = FriendModel.swift; sourceTree = "<group>"; };
		871DA41E27B7C18600A66075 /* FriendsView.swift */ = {isa = PBXFileReference; lastKnownFileType = sourcecode.swift; path = FriendsView.swift; sourceTree = "<group>"; };
		871DA42527B7C5EE00A66075 /* ViewBuilder.swift */ = {isa = PBXFileReference; lastKnownFileType = sourcecode.swift; path = ViewBuilder.swift; sourceTree = "<group>"; };
		871DA42727B7C76900A66075 /* ViewModifier.swift */ = {isa = PBXFileReference; lastKnownFileType = sourcecode.swift; path = ViewModifier.swift; sourceTree = "<group>"; };
		871DA42927B7D14100A66075 /* GroupsView.swift */ = {isa = PBXFileReference; lastKnownFileType = sourcecode.swift; path = GroupsView.swift; sourceTree = "<group>"; };
		8741CE5A27B1442C00EF26BF /* VK_SwiftUI.app */ = {isa = PBXFileReference; explicitFileType = wrapper.application; includeInIndex = 0; path = VK_SwiftUI.app; sourceTree = BUILT_PRODUCTS_DIR; };
		8741CE5D27B1442C00EF26BF /* VK_SwiftUIApp.swift */ = {isa = PBXFileReference; lastKnownFileType = sourcecode.swift; path = VK_SwiftUIApp.swift; sourceTree = "<group>"; };
		8741CE5F27B1442C00EF26BF /* LoginView.swift */ = {isa = PBXFileReference; lastKnownFileType = sourcecode.swift; path = LoginView.swift; sourceTree = "<group>"; };
		8741CE6127B1442D00EF26BF /* Assets.xcassets */ = {isa = PBXFileReference; lastKnownFileType = folder.assetcatalog; path = Assets.xcassets; sourceTree = "<group>"; };
		8741CE6427B1442D00EF26BF /* Preview Assets.xcassets */ = {isa = PBXFileReference; lastKnownFileType = folder.assetcatalog; path = "Preview Assets.xcassets"; sourceTree = "<group>"; };
		8741CE6627B1442D00EF26BF /* Info.plist */ = {isa = PBXFileReference; lastKnownFileType = text.plist.xml; path = Info.plist; sourceTree = "<group>"; };
		8743C82227BD898F00B80517 /* MainTabBarView.swift */ = {isa = PBXFileReference; lastKnownFileType = sourcecode.swift; path = MainTabBarView.swift; sourceTree = "<group>"; };
		8743C82427BD8CC100B80517 /* NewsView.swift */ = {isa = PBXFileReference; lastKnownFileType = sourcecode.swift; path = NewsView.swift; sourceTree = "<group>"; };
		8743C82727BD91E200B80517 /* ContainerView.swift */ = {isa = PBXFileReference; lastKnownFileType = sourcecode.swift; path = ContainerView.swift; sourceTree = "<group>"; };
		8743C82C27BD98F600B80517 /* FriendProfileView.swift */ = {isa = PBXFileReference; lastKnownFileType = sourcecode.swift; path = FriendProfileView.swift; sourceTree = "<group>"; };
		87E9215827C25D3100FD42A9 /* VKAuthWebView.swift */ = {isa = PBXFileReference; lastKnownFileType = sourcecode.swift; path = VKAuthWebView.swift; sourceTree = "<group>"; };
		87E9215B27C25DFF00FD42A9 /* Account.swift */ = {isa = PBXFileReference; lastKnownFileType = sourcecode.swift; path = Account.swift; sourceTree = "<group>"; };
		87E9216027C263A600FD42A9 /* FriendsAPI.swift */ = {isa = PBXFileReference; lastKnownFileType = sourcecode.swift; path = FriendsAPI.swift; sourceTree = "<group>"; };
		87E9216827C26D1100FD42A9 /* FriendsDB.swift */ = {isa = PBXFileReference; lastKnownFileType = sourcecode.swift; path = FriendsDB.swift; sourceTree = "<group>"; };
		87E9216B27C26FCA00FD42A9 /* FriendsViewModel.swift */ = {isa = PBXFileReference; lastKnownFileType = sourcecode.swift; path = FriendsViewModel.swift; sourceTree = "<group>"; };
		87E9216D27C27D7300FD42A9 /* GroupsAPI.swift */ = {isa = PBXFileReference; lastKnownFileType = sourcecode.swift; path = GroupsAPI.swift; sourceTree = "<group>"; };
		87E9216F27C27DAA00FD42A9 /* GroupModel.swift */ = {isa = PBXFileReference; lastKnownFileType = sourcecode.swift; path = GroupModel.swift; sourceTree = "<group>"; };
		87E9217127C2825E00FD42A9 /* GroupsViewModel.swift */ = {isa = PBXFileReference; lastKnownFileType = sourcecode.swift; path = GroupsViewModel.swift; sourceTree = "<group>"; };
		87E9217327C28E8400FD42A9 /* NewsAPI.swift */ = {isa = PBXFileReference; lastKnownFileType = sourcecode.swift; path = NewsAPI.swift; sourceTree = "<group>"; };
		87E9217527C28ED900FD42A9 /* NewsModel.swift */ = {isa = PBXFileReference; lastKnownFileType = sourcecode.swift; path = NewsModel.swift; sourceTree = "<group>"; };
		87E9217827C28F5900FD42A9 /* NewsCell.swift */ = {isa = PBXFileReference; lastKnownFileType = sourcecode.swift; path = NewsCell.swift; sourceTree = "<group>"; };
		87E9217A27C28FAA00FD42A9 /* NewsViewModel.swift */ = {isa = PBXFileReference; lastKnownFileType = sourcecode.swift; path = NewsViewModel.swift; sourceTree = "<group>"; };
/* End PBXFileReference section */

/* Begin PBXFrameworksBuildPhase section */
		8741CE5727B1442C00EF26BF /* Frameworks */ = {
			isa = PBXFrameworksBuildPhase;
			buildActionMask = 2147483647;
			files = (
				87E9216627C26C7600FD42A9 /* RealmSwift in Frameworks */,
				872D13E327C3DD3000E4061C /* Alamofire in Frameworks */,
				87E9216427C26C7600FD42A9 /* Realm in Frameworks */,
				870EFB0927C647F500C2212D /* QGrid in Frameworks */,
				87E9214E27C24DEA00FD42A9 /* SwiftyJSON in Frameworks */,
				87E9215127C24E5900FD42A9 /* Kingfisher in Frameworks */,
				87E9215427C2590F00FD42A9 /* RealmCore in Frameworks */,
				8743C82B27BD958900B80517 /* ASCollectionView in Frameworks */,
				87E9215F27C25EF900FD42A9 /* SwiftKeychainWrapper in Frameworks */,
			);
			runOnlyForDeploymentPostprocessing = 0;
		};
/* End PBXFrameworksBuildPhase section */

/* Begin PBXGroup section */
		87171BEC27C17A9500F018E9 /* Cell */ = {
			isa = PBXGroup;
			children = (
				87171BED27C17AA900F018E9 /* FriendCell.swift */,
			);
			path = Cell;
			sourceTree = "<group>";
		};
		87171BF127C17AC100F018E9 /* Cell */ = {
			isa = PBXGroup;
			children = (
				87171BEF27C17ABD00F018E9 /* GroupCell.swift */,
			);
			path = Cell;
			sourceTree = "<group>";
		};
		87171BF227C17BC600F018E9 /* Models */ = {
			isa = PBXGroup;
			children = (
				87171BF327C17BFC00F018E9 /* FriendModel.swift */,
				87E9216F27C27DAA00FD42A9 /* GroupModel.swift */,
				87E9217527C28ED900FD42A9 /* NewsModel.swift */,
				870EFB0A27C6498D00C2212D /* LikeModel.swift */,
			);
			path = Models;
			sourceTree = "<group>";
		};
		871DA41C27B7C10600A66075 /* Friends */ = {
			isa = PBXGroup;
			children = (
				871DA41E27B7C18600A66075 /* FriendsView.swift */,
				8743C82C27BD98F600B80517 /* FriendProfileView.swift */,
				87171BEC27C17A9500F018E9 /* Cell */,
			);
			path = Friends;
			sourceTree = "<group>";
		};
		871DA41D27B7C10F00A66075 /* Groups */ = {
			isa = PBXGroup;
			children = (
				871DA42927B7D14100A66075 /* GroupsView.swift */,
				87171BF127C17AC100F018E9 /* Cell */,
			);
			path = Groups;
			sourceTree = "<group>";
		};
		871DA42427B7C58800A66075 /* General */ = {
			isa = PBXGroup;
			children = (
				871DA42527B7C5EE00A66075 /* ViewBuilder.swift */,
				871DA42727B7C76900A66075 /* ViewModifier.swift */,
				870EFB0C27C64A4800C2212D /* MyDateFormatter.swift */,
			);
			path = General;
			sourceTree = "<group>";
		};
		871DA42B27B7D55700A66075 /* LoginScreen */ = {
			isa = PBXGroup;
			children = (
				8741CE5F27B1442C00EF26BF /* LoginView.swift */,
				87E9215827C25D3100FD42A9 /* VKAuthWebView.swift */,
			);
			path = LoginScreen;
			sourceTree = "<group>";
		};
		8741CE5127B1442C00EF26BF = {
			isa = PBXGroup;
			children = (
				8741CE5C27B1442C00EF26BF /* VK_SwiftUI */,
				8741CE5B27B1442C00EF26BF /* Products */,
			);
			sourceTree = "<group>";
		};
		8741CE5B27B1442C00EF26BF /* Products */ = {
			isa = PBXGroup;
			children = (
				8741CE5A27B1442C00EF26BF /* VK_SwiftUI.app */,
			);
			name = Products;
			sourceTree = "<group>";
		};
		8741CE5C27B1442C00EF26BF /* VK_SwiftUI */ = {
			isa = PBXGroup;
			children = (
				8741CE5D27B1442C00EF26BF /* VK_SwiftUIApp.swift */,
				8743C82727BD91E200B80517 /* ContainerView.swift */,
				87E9215B27C25DFF00FD42A9 /* Account.swift */,
				87E9215A27C25DE200FD42A9 /* vk-API */,
				871DA42427B7C58800A66075 /* General */,
				871DA42B27B7D55700A66075 /* LoginScreen */,
				87E9216A27C26F9B00FD42A9 /* ViewModels */,
				8743C82127BD895800B80517 /* Main */,
				8741CE6127B1442D00EF26BF /* Assets.xcassets */,
				8741CE6627B1442D00EF26BF /* Info.plist */,
				8741CE6327B1442D00EF26BF /* Preview Content */,
			);
			path = VK_SwiftUI;
			sourceTree = "<group>";
		};
		8741CE6327B1442D00EF26BF /* Preview Content */ = {
			isa = PBXGroup;
			children = (
				8741CE6427B1442D00EF26BF /* Preview Assets.xcassets */,
			);
			path = "Preview Content";
			sourceTree = "<group>";
		};
		8743C82127BD895800B80517 /* Main */ = {
			isa = PBXGroup;
			children = (
				8743C82227BD898F00B80517 /* MainTabBarView.swift */,
				8743C82627BD8CC600B80517 /* News */,
				871DA41C27B7C10600A66075 /* Friends */,
				871DA41D27B7C10F00A66075 /* Groups */,
			);
			path = Main;
			sourceTree = "<group>";
		};
		8743C82627BD8CC600B80517 /* News */ = {
			isa = PBXGroup;
			children = (
				8743C82427BD8CC100B80517 /* NewsView.swift */,
				87E9217727C28F4700FD42A9 /* Cell */,
			);
			path = News;
			sourceTree = "<group>";
		};
		87E9215A27C25DE200FD42A9 /* vk-API */ = {
			isa = PBXGroup;
			children = (
				87E9216027C263A600FD42A9 /* FriendsAPI.swift */,
				87E9216D27C27D7300FD42A9 /* GroupsAPI.swift */,
				87E9217327C28E8400FD42A9 /* NewsAPI.swift */,
				87171BF227C17BC600F018E9 /* Models */,
				87E9216727C26CEA00FD42A9 /* RealmDataBase */,
			);
			path = "vk-API";
			sourceTree = "<group>";
		};
		87E9216727C26CEA00FD42A9 /* RealmDataBase */ = {
			isa = PBXGroup;
			children = (
				87E9216827C26D1100FD42A9 /* FriendsDB.swift */,
			);
			path = RealmDataBase;
			sourceTree = "<group>";
		};
		87E9216A27C26F9B00FD42A9 /* ViewModels */ = {
			isa = PBXGroup;
			children = (
				87E9216B27C26FCA00FD42A9 /* FriendsViewModel.swift */,
				87E9217127C2825E00FD42A9 /* GroupsViewModel.swift */,
				87E9217A27C28FAA00FD42A9 /* NewsViewModel.swift */,
				870EC7DE27CAEF920029A3B7 /* LikeViewModel.swift */,
			);
			path = ViewModels;
			sourceTree = "<group>";
		};
		87E9217727C28F4700FD42A9 /* Cell */ = {
			isa = PBXGroup;
			children = (
				87E9217827C28F5900FD42A9 /* NewsCell.swift */,
			);
			path = Cell;
			sourceTree = "<group>";
		};
/* End PBXGroup section */

/* Begin PBXNativeTarget section */
		8741CE5927B1442C00EF26BF /* VK_SwiftUI */ = {
			isa = PBXNativeTarget;
			buildConfigurationList = 8741CE6927B1442D00EF26BF /* Build configuration list for PBXNativeTarget "VK_SwiftUI" */;
			buildPhases = (
				8741CE5627B1442C00EF26BF /* Sources */,
				8741CE5727B1442C00EF26BF /* Frameworks */,
				8741CE5827B1442C00EF26BF /* Resources */,
			);
			buildRules = (
			);
			dependencies = (
			);
			name = VK_SwiftUI;
			packageProductDependencies = (
				8743C82A27BD958900B80517 /* ASCollectionView */,
				87E9214D27C24DEA00FD42A9 /* SwiftyJSON */,
				87E9215027C24E5900FD42A9 /* Kingfisher */,
				87E9215327C2590F00FD42A9 /* RealmCore */,
				87E9215E27C25EF900FD42A9 /* SwiftKeychainWrapper */,
				87E9216327C26C7600FD42A9 /* Realm */,
				87E9216527C26C7600FD42A9 /* RealmSwift */,
				872D13E227C3DD3000E4061C /* Alamofire */,
				870EFB0827C647F500C2212D /* QGrid */,
			);
			productName = VK_SwiftUI;
			productReference = 8741CE5A27B1442C00EF26BF /* VK_SwiftUI.app */;
			productType = "com.apple.product-type.application";
		};
/* End PBXNativeTarget section */

/* Begin PBXProject section */
		8741CE5227B1442C00EF26BF /* Project object */ = {
			isa = PBXProject;
			attributes = {
				LastSwiftUpdateCheck = 1250;
				LastUpgradeCheck = 1250;
				TargetAttributes = {
					8741CE5927B1442C00EF26BF = {
						CreatedOnToolsVersion = 12.5.1;
					};
				};
			};
			buildConfigurationList = 8741CE5527B1442C00EF26BF /* Build configuration list for PBXProject "VK_SwiftUI" */;
			compatibilityVersion = "Xcode 9.3";
			developmentRegion = en;
			hasScannedForEncodings = 0;
			knownRegions = (
				en,
				Base,
			);
			mainGroup = 8741CE5127B1442C00EF26BF;
			packageReferences = (
				8743C82927BD958900B80517 /* XCRemoteSwiftPackageReference "ASCollectionView" */,
				87E9214C27C24DE900FD42A9 /* XCRemoteSwiftPackageReference "SwiftyJSON" */,
				87E9214F27C24E5900FD42A9 /* XCRemoteSwiftPackageReference "Kingfisher" */,
				87E9215227C2590F00FD42A9 /* XCRemoteSwiftPackageReference "realm-core" */,
				87E9215D27C25EF900FD42A9 /* XCRemoteSwiftPackageReference "SwiftKeychainWrapper" */,
				87E9216227C26C7600FD42A9 /* XCRemoteSwiftPackageReference "realm-swift" */,
				872D13E127C3DD3000E4061C /* XCRemoteSwiftPackageReference "Alamofire" */,
				870EFB0727C647F400C2212D /* XCRemoteSwiftPackageReference "QGrid" */,
			);
			productRefGroup = 8741CE5B27B1442C00EF26BF /* Products */;
			projectDirPath = "";
			projectRoot = "";
			targets = (
				8741CE5927B1442C00EF26BF /* VK_SwiftUI */,
			);
		};
/* End PBXProject section */

/* Begin PBXResourcesBuildPhase section */
		8741CE5827B1442C00EF26BF /* Resources */ = {
			isa = PBXResourcesBuildPhase;
			buildActionMask = 2147483647;
			files = (
				8741CE6527B1442D00EF26BF /* Preview Assets.xcassets in Resources */,
				8741CE6227B1442D00EF26BF /* Assets.xcassets in Resources */,
			);
			runOnlyForDeploymentPostprocessing = 0;
		};
/* End PBXResourcesBuildPhase section */

/* Begin PBXSourcesBuildPhase section */
		8741CE5627B1442C00EF26BF /* Sources */ = {
			isa = PBXSourcesBuildPhase;
			buildActionMask = 2147483647;
			files = (
				87E9216E27C27D7300FD42A9 /* GroupsAPI.swift in Sources */,
				87E9217627C28ED900FD42A9 /* NewsModel.swift in Sources */,
				87E9217027C27DAA00FD42A9 /* GroupModel.swift in Sources */,
				87E9216127C263A600FD42A9 /* FriendsAPI.swift in Sources */,
				87171BEE27C17AA900F018E9 /* FriendCell.swift in Sources */,
				871DA41F27B7C18600A66075 /* FriendsView.swift in Sources */,
				8743C82527BD8CC100B80517 /* NewsView.swift in Sources */,
				870EC7DF27CAEF920029A3B7 /* LikeViewModel.swift in Sources */,
				87171BF027C17ABD00F018E9 /* GroupCell.swift in Sources */,
				87E9215927C25D3100FD42A9 /* VKAuthWebView.swift in Sources */,
				87E9215C27C25DFF00FD42A9 /* Account.swift in Sources */,
				870EFB0D27C64A4800C2212D /* MyDateFormatter.swift in Sources */,
				8743C82827BD91E200B80517 /* ContainerView.swift in Sources */,
				87E9216C27C26FCA00FD42A9 /* FriendsViewModel.swift in Sources */,
				87E9217B27C28FAA00FD42A9 /* NewsViewModel.swift in Sources */,
				87E9217427C28E8400FD42A9 /* NewsAPI.swift in Sources */,
				871DA42827B7C76900A66075 /* ViewModifier.swift in Sources */,
				8743C82327BD898F00B80517 /* MainTabBarView.swift in Sources */,
				870EFB0B27C6498D00C2212D /* LikeModel.swift in Sources */,
				87E9216927C26D1100FD42A9 /* FriendsDB.swift in Sources */,
				87171BF427C17BFC00F018E9 /* FriendModel.swift in Sources */,
				87E9217227C2825E00FD42A9 /* GroupsViewModel.swift in Sources */,
				8741CE6027B1442C00EF26BF /* LoginView.swift in Sources */,
				8741CE5E27B1442C00EF26BF /* VK_SwiftUIApp.swift in Sources */,
				871DA42A27B7D14100A66075 /* GroupsView.swift in Sources */,
				871DA42627B7C5EE00A66075 /* ViewBuilder.swift in Sources */,
				87E9217927C28F5900FD42A9 /* NewsCell.swift in Sources */,
				8743C82D27BD98F600B80517 /* FriendProfileView.swift in Sources */,
			);
			runOnlyForDeploymentPostprocessing = 0;
		};
/* End PBXSourcesBuildPhase section */

/* Begin XCBuildConfiguration section */
		8741CE6727B1442D00EF26BF /* Debug */ = {
			isa = XCBuildConfiguration;
			buildSettings = {
				ALWAYS_SEARCH_USER_PATHS = NO;
				CLANG_ANALYZER_NONNULL = YES;
				CLANG_ANALYZER_NUMBER_OBJECT_CONVERSION = YES_AGGRESSIVE;
				CLANG_CXX_LANGUAGE_STANDARD = "gnu++14";
				CLANG_CXX_LIBRARY = "libc++";
				CLANG_ENABLE_MODULES = YES;
				CLANG_ENABLE_OBJC_ARC = YES;
				CLANG_ENABLE_OBJC_WEAK = YES;
				CLANG_WARN_BLOCK_CAPTURE_AUTORELEASING = YES;
				CLANG_WARN_BOOL_CONVERSION = YES;
				CLANG_WARN_COMMA = YES;
				CLANG_WARN_CONSTANT_CONVERSION = YES;
				CLANG_WARN_DEPRECATED_OBJC_IMPLEMENTATIONS = YES;
				CLANG_WARN_DIRECT_OBJC_ISA_USAGE = YES_ERROR;
				CLANG_WARN_DOCUMENTATION_COMMENTS = YES;
				CLANG_WARN_EMPTY_BODY = YES;
				CLANG_WARN_ENUM_CONVERSION = YES;
				CLANG_WARN_INFINITE_RECURSION = YES;
				CLANG_WARN_INT_CONVERSION = YES;
				CLANG_WARN_NON_LITERAL_NULL_CONVERSION = YES;
				CLANG_WARN_OBJC_IMPLICIT_RETAIN_SELF = YES;
				CLANG_WARN_OBJC_LITERAL_CONVERSION = YES;
				CLANG_WARN_OBJC_ROOT_CLASS = YES_ERROR;
				CLANG_WARN_QUOTED_INCLUDE_IN_FRAMEWORK_HEADER = YES;
				CLANG_WARN_RANGE_LOOP_ANALYSIS = YES;
				CLANG_WARN_STRICT_PROTOTYPES = YES;
				CLANG_WARN_SUSPICIOUS_MOVE = YES;
				CLANG_WARN_UNGUARDED_AVAILABILITY = YES_AGGRESSIVE;
				CLANG_WARN_UNREACHABLE_CODE = YES;
				CLANG_WARN__DUPLICATE_METHOD_MATCH = YES;
				COPY_PHASE_STRIP = NO;
				DEBUG_INFORMATION_FORMAT = dwarf;
				ENABLE_STRICT_OBJC_MSGSEND = YES;
				ENABLE_TESTABILITY = YES;
				GCC_C_LANGUAGE_STANDARD = gnu11;
				GCC_DYNAMIC_NO_PIC = NO;
				GCC_NO_COMMON_BLOCKS = YES;
				GCC_OPTIMIZATION_LEVEL = 0;
				GCC_PREPROCESSOR_DEFINITIONS = (
					"DEBUG=1",
					"$(inherited)",
				);
				GCC_WARN_64_TO_32_BIT_CONVERSION = YES;
				GCC_WARN_ABOUT_RETURN_TYPE = YES_ERROR;
				GCC_WARN_UNDECLARED_SELECTOR = YES;
				GCC_WARN_UNINITIALIZED_AUTOS = YES_AGGRESSIVE;
				GCC_WARN_UNUSED_FUNCTION = YES;
				GCC_WARN_UNUSED_VARIABLE = YES;
				IPHONEOS_DEPLOYMENT_TARGET = 14.5;
				MTL_ENABLE_DEBUG_INFO = INCLUDE_SOURCE;
				MTL_FAST_MATH = YES;
				ONLY_ACTIVE_ARCH = YES;
				SDKROOT = iphoneos;
				SWIFT_ACTIVE_COMPILATION_CONDITIONS = DEBUG;
				SWIFT_OPTIMIZATION_LEVEL = "-Onone";
			};
			name = Debug;
		};
		8741CE6827B1442D00EF26BF /* Release */ = {
			isa = XCBuildConfiguration;
			buildSettings = {
				ALWAYS_SEARCH_USER_PATHS = NO;
				CLANG_ANALYZER_NONNULL = YES;
				CLANG_ANALYZER_NUMBER_OBJECT_CONVERSION = YES_AGGRESSIVE;
				CLANG_CXX_LANGUAGE_STANDARD = "gnu++14";
				CLANG_CXX_LIBRARY = "libc++";
				CLANG_ENABLE_MODULES = YES;
				CLANG_ENABLE_OBJC_ARC = YES;
				CLANG_ENABLE_OBJC_WEAK = YES;
				CLANG_WARN_BLOCK_CAPTURE_AUTORELEASING = YES;
				CLANG_WARN_BOOL_CONVERSION = YES;
				CLANG_WARN_COMMA = YES;
				CLANG_WARN_CONSTANT_CONVERSION = YES;
				CLANG_WARN_DEPRECATED_OBJC_IMPLEMENTATIONS = YES;
				CLANG_WARN_DIRECT_OBJC_ISA_USAGE = YES_ERROR;
				CLANG_WARN_DOCUMENTATION_COMMENTS = YES;
				CLANG_WARN_EMPTY_BODY = YES;
				CLANG_WARN_ENUM_CONVERSION = YES;
				CLANG_WARN_INFINITE_RECURSION = YES;
				CLANG_WARN_INT_CONVERSION = YES;
				CLANG_WARN_NON_LITERAL_NULL_CONVERSION = YES;
				CLANG_WARN_OBJC_IMPLICIT_RETAIN_SELF = YES;
				CLANG_WARN_OBJC_LITERAL_CONVERSION = YES;
				CLANG_WARN_OBJC_ROOT_CLASS = YES_ERROR;
				CLANG_WARN_QUOTED_INCLUDE_IN_FRAMEWORK_HEADER = YES;
				CLANG_WARN_RANGE_LOOP_ANALYSIS = YES;
				CLANG_WARN_STRICT_PROTOTYPES = YES;
				CLANG_WARN_SUSPICIOUS_MOVE = YES;
				CLANG_WARN_UNGUARDED_AVAILABILITY = YES_AGGRESSIVE;
				CLANG_WARN_UNREACHABLE_CODE = YES;
				CLANG_WARN__DUPLICATE_METHOD_MATCH = YES;
				COPY_PHASE_STRIP = NO;
				DEBUG_INFORMATION_FORMAT = "dwarf-with-dsym";
				ENABLE_NS_ASSERTIONS = NO;
				ENABLE_STRICT_OBJC_MSGSEND = YES;
				GCC_C_LANGUAGE_STANDARD = gnu11;
				GCC_NO_COMMON_BLOCKS = YES;
				GCC_WARN_64_TO_32_BIT_CONVERSION = YES;
				GCC_WARN_ABOUT_RETURN_TYPE = YES_ERROR;
				GCC_WARN_UNDECLARED_SELECTOR = YES;
				GCC_WARN_UNINITIALIZED_AUTOS = YES_AGGRESSIVE;
				GCC_WARN_UNUSED_FUNCTION = YES;
				GCC_WARN_UNUSED_VARIABLE = YES;
				IPHONEOS_DEPLOYMENT_TARGET = 14.5;
				MTL_ENABLE_DEBUG_INFO = NO;
				MTL_FAST_MATH = YES;
				SDKROOT = iphoneos;
				SWIFT_COMPILATION_MODE = wholemodule;
				SWIFT_OPTIMIZATION_LEVEL = "-O";
				VALIDATE_PRODUCT = YES;
			};
			name = Release;
		};
		8741CE6A27B1442D00EF26BF /* Debug */ = {
			isa = XCBuildConfiguration;
			buildSettings = {
				ASSETCATALOG_COMPILER_APPICON_NAME = AppIcon;
				ASSETCATALOG_COMPILER_GLOBAL_ACCENT_COLOR_NAME = AccentColor;
				CODE_SIGN_STYLE = Automatic;
				DEVELOPMENT_ASSET_PATHS = "\"VK_SwiftUI/Preview Content\"";
				DEVELOPMENT_TEAM = S5TSM2AJ6F;
				ENABLE_PREVIEWS = YES;
				INFOPLIST_FILE = VK_SwiftUI/Info.plist;
				IPHONEOS_DEPLOYMENT_TARGET = 14.0;
				LD_RUNPATH_SEARCH_PATHS = (
					"$(inherited)",
					"@executable_path/Frameworks",
				);
				PRODUCT_BUNDLE_IDENTIFIER = "com.AtrashkovNikita.VK-SwiftUI";
				PRODUCT_NAME = "$(TARGET_NAME)";
				SWIFT_VERSION = 5.0;
				TARGETED_DEVICE_FAMILY = "1,2";
			};
			name = Debug;
		};
		8741CE6B27B1442D00EF26BF /* Release */ = {
			isa = XCBuildConfiguration;
			buildSettings = {
				ASSETCATALOG_COMPILER_APPICON_NAME = AppIcon;
				ASSETCATALOG_COMPILER_GLOBAL_ACCENT_COLOR_NAME = AccentColor;
				CODE_SIGN_STYLE = Automatic;
				DEVELOPMENT_ASSET_PATHS = "\"VK_SwiftUI/Preview Content\"";
				DEVELOPMENT_TEAM = S5TSM2AJ6F;
				ENABLE_PREVIEWS = YES;
				INFOPLIST_FILE = VK_SwiftUI/Info.plist;
				IPHONEOS_DEPLOYMENT_TARGET = 14.0;
				LD_RUNPATH_SEARCH_PATHS = (
					"$(inherited)",
					"@executable_path/Frameworks",
				);
				PRODUCT_BUNDLE_IDENTIFIER = "com.AtrashkovNikita.VK-SwiftUI";
				PRODUCT_NAME = "$(TARGET_NAME)";
				SWIFT_VERSION = 5.0;
				TARGETED_DEVICE_FAMILY = "1,2";
			};
			name = Release;
		};
/* End XCBuildConfiguration section */

/* Begin XCConfigurationList section */
		8741CE5527B1442C00EF26BF /* Build configuration list for PBXProject "VK_SwiftUI" */ = {
			isa = XCConfigurationList;
			buildConfigurations = (
				8741CE6727B1442D00EF26BF /* Debug */,
				8741CE6827B1442D00EF26BF /* Release */,
			);
			defaultConfigurationIsVisible = 0;
			defaultConfigurationName = Release;
		};
		8741CE6927B1442D00EF26BF /* Build configuration list for PBXNativeTarget "VK_SwiftUI" */ = {
			isa = XCConfigurationList;
			buildConfigurations = (
				8741CE6A27B1442D00EF26BF /* Debug */,
				8741CE6B27B1442D00EF26BF /* Release */,
			);
			defaultConfigurationIsVisible = 0;
			defaultConfigurationName = Release;
		};
/* End XCConfigurationList section */

/* Begin XCRemoteSwiftPackageReference section */
		870EFB0727C647F400C2212D /* XCRemoteSwiftPackageReference "QGrid" */ = {
			isa = XCRemoteSwiftPackageReference;
			repositoryURL = "https://github.com/Q-Mobile/QGrid.git";
			requirement = {
				kind = upToNextMajorVersion;
				minimumVersion = 0.1.4;
			};
		};
		872D13E127C3DD3000E4061C /* XCRemoteSwiftPackageReference "Alamofire" */ = {
			isa = XCRemoteSwiftPackageReference;
			repositoryURL = "https://github.com/Alamofire/Alamofire";
			requirement = {
				kind = upToNextMajorVersion;
				minimumVersion = 5.4.4;
			};
		};
		8743C82927BD958900B80517 /* XCRemoteSwiftPackageReference "ASCollectionView" */ = {
			isa = XCRemoteSwiftPackageReference;
			repositoryURL = "https://github.com/apptekstudios/ASCollectionView.git";
			requirement = {
				kind = upToNextMajorVersion;
				minimumVersion = 2.1.1;
			};
		};
		87E9214C27C24DE900FD42A9 /* XCRemoteSwiftPackageReference "SwiftyJSON" */ = {
			isa = XCRemoteSwiftPackageReference;
			repositoryURL = "https://github.com/SwiftyJSON/SwiftyJSON.git";
			requirement = {
				kind = upToNextMajorVersion;
				minimumVersion = 5.0.0;
			};
		};
		87E9214F27C24E5900FD42A9 /* XCRemoteSwiftPackageReference "Kingfisher" */ = {
			isa = XCRemoteSwiftPackageReference;
			repositoryURL = "https://github.com/onevcat/Kingfisher.git";
			requirement = {
				kind = upToNextMajorVersion;
				minimumVersion = 7.0.0;
			};
		};
		87E9215227C2590F00FD42A9 /* XCRemoteSwiftPackageReference "realm-core" */ = {
			isa = XCRemoteSwiftPackageReference;
			repositoryURL = "https://github.com/realm/realm-core.git";
			requirement = {
				kind = exactVersion;
				version = 5.23.8;
			};
		};
		87E9215D27C25EF900FD42A9 /* XCRemoteSwiftPackageReference "SwiftKeychainWrapper" */ = {
			isa = XCRemoteSwiftPackageReference;
			repositoryURL = "https://github.com/jrendel/SwiftKeychainWrapper.git";
			requirement = {
				kind = upToNextMajorVersion;
				minimumVersion = 4.0.0;
			};
		};
		87E9216227C26C7600FD42A9 /* XCRemoteSwiftPackageReference "realm-swift" */ = {
			isa = XCRemoteSwiftPackageReference;
			repositoryURL = "https://github.com/realm/realm-swift.git";
			requirement = {
				kind = upToNextMajorVersion;
				minimumVersion = 4.4.1;
			};
		};
/* End XCRemoteSwiftPackageReference section */

/* Begin XCSwiftPackageProductDependency section */
		870EFB0827C647F500C2212D /* QGrid */ = {
			isa = XCSwiftPackageProductDependency;
			package = 870EFB0727C647F400C2212D /* XCRemoteSwiftPackageReference "QGrid" */;
			productName = QGrid;
		};
		872D13E227C3DD3000E4061C /* Alamofire */ = {
			isa = XCSwiftPackageProductDependency;
			package = 872D13E127C3DD3000E4061C /* XCRemoteSwiftPackageReference "Alamofire" */;
			productName = Alamofire;
		};
		8743C82A27BD958900B80517 /* ASCollectionView */ = {
			isa = XCSwiftPackageProductDependency;
			package = 8743C82927BD958900B80517 /* XCRemoteSwiftPackageReference "ASCollectionView" */;
			productName = ASCollectionView;
		};
		87E9214D27C24DEA00FD42A9 /* SwiftyJSON */ = {
			isa = XCSwiftPackageProductDependency;
			package = 87E9214C27C24DE900FD42A9 /* XCRemoteSwiftPackageReference "SwiftyJSON" */;
			productName = SwiftyJSON;
		};
		87E9215027C24E5900FD42A9 /* Kingfisher */ = {
			isa = XCSwiftPackageProductDependency;
			package = 87E9214F27C24E5900FD42A9 /* XCRemoteSwiftPackageReference "Kingfisher" */;
			productName = Kingfisher;
		};
		87E9215327C2590F00FD42A9 /* RealmCore */ = {
			isa = XCSwiftPackageProductDependency;
			package = 87E9215227C2590F00FD42A9 /* XCRemoteSwiftPackageReference "realm-core" */;
			productName = RealmCore;
		};
		87E9215E27C25EF900FD42A9 /* SwiftKeychainWrapper */ = {
			isa = XCSwiftPackageProductDependency;
			package = 87E9215D27C25EF900FD42A9 /* XCRemoteSwiftPackageReference "SwiftKeychainWrapper" */;
			productName = SwiftKeychainWrapper;
		};
		87E9216327C26C7600FD42A9 /* Realm */ = {
			isa = XCSwiftPackageProductDependency;
			package = 87E9216227C26C7600FD42A9 /* XCRemoteSwiftPackageReference "realm-swift" */;
			productName = Realm;
		};
		87E9216527C26C7600FD42A9 /* RealmSwift */ = {
			isa = XCSwiftPackageProductDependency;
			package = 87E9216227C26C7600FD42A9 /* XCRemoteSwiftPackageReference "realm-swift" */;
			productName = RealmSwift;
		};
/* End XCSwiftPackageProductDependency section */
	};
	rootObject = 8741CE5227B1442C00EF26BF /* Project object */;
}
