// !$*UTF8*$!
{
	archiveVersion = 1;
	classes = {
	};
	objectVersion = 50;
	objects = {

/* Begin PBXBuildFile section */
		871DA41F27B7C18600A66075 /* FriendsView.swift in Sources */ = {isa = PBXBuildFile; fileRef = 871DA41E27B7C18600A66075 /* FriendsView.swift */; };
		871DA42627B7C5EE00A66075 /* BuilderAvatarAndName.swift in Sources */ = {isa = PBXBuildFile; fileRef = 871DA42527B7C5EE00A66075 /* BuilderAvatarAndName.swift */; };
		871DA42827B7C76900A66075 /* ViewModifier.swift in Sources */ = {isa = PBXBuildFile; fileRef = 871DA42727B7C76900A66075 /* ViewModifier.swift */; };
		871DA42A27B7D14100A66075 /* GroupsView.swift in Sources */ = {isa = PBXBuildFile; fileRef = 871DA42927B7D14100A66075 /* GroupsView.swift */; };
		8741CE5E27B1442C00EF26BF /* VK_SwiftUIApp.swift in Sources */ = {isa = PBXBuildFile; fileRef = 8741CE5D27B1442C00EF26BF /* VK_SwiftUIApp.swift */; };
		8741CE6027B1442C00EF26BF /* ContentView.swift in Sources */ = {isa = PBXBuildFile; fileRef = 8741CE5F27B1442C00EF26BF /* ContentView.swift */; };
		8741CE6227B1442D00EF26BF /* Assets.xcassets in Resources */ = {isa = PBXBuildFile; fileRef = 8741CE6127B1442D00EF26BF /* Assets.xcassets */; };
		8741CE6527B1442D00EF26BF /* Preview Assets.xcassets in Resources */ = {isa = PBXBuildFile; fileRef = 8741CE6427B1442D00EF26BF /* Preview Assets.xcassets */; };
/* End PBXBuildFile section */

/* Begin PBXFileReference section */
		871DA41E27B7C18600A66075 /* FriendsView.swift */ = {isa = PBXFileReference; lastKnownFileType = sourcecode.swift; path = FriendsView.swift; sourceTree = "<group>"; };
		871DA42527B7C5EE00A66075 /* BuilderAvatarAndName.swift */ = {isa = PBXFileReference; lastKnownFileType = sourcecode.swift; path = BuilderAvatarAndName.swift; sourceTree = "<group>"; };
		871DA42727B7C76900A66075 /* ViewModifier.swift */ = {isa = PBXFileReference; lastKnownFileType = sourcecode.swift; path = ViewModifier.swift; sourceTree = "<group>"; };
		871DA42927B7D14100A66075 /* GroupsView.swift */ = {isa = PBXFileReference; lastKnownFileType = sourcecode.swift; path = GroupsView.swift; sourceTree = "<group>"; };
		8741CE5A27B1442C00EF26BF /* VK_SwiftUI.app */ = {isa = PBXFileReference; explicitFileType = wrapper.application; includeInIndex = 0; path = VK_SwiftUI.app; sourceTree = BUILT_PRODUCTS_DIR; };
		8741CE5D27B1442C00EF26BF /* VK_SwiftUIApp.swift */ = {isa = PBXFileReference; lastKnownFileType = sourcecode.swift; path = VK_SwiftUIApp.swift; sourceTree = "<group>"; };
		8741CE5F27B1442C00EF26BF /* ContentView.swift */ = {isa = PBXFileReference; lastKnownFileType = sourcecode.swift; path = ContentView.swift; sourceTree = "<group>"; };
		8741CE6127B1442D00EF26BF /* Assets.xcassets */ = {isa = PBXFileReference; lastKnownFileType = folder.assetcatalog; path = Assets.xcassets; sourceTree = "<group>"; };
		8741CE6427B1442D00EF26BF /* Preview Assets.xcassets */ = {isa = PBXFileReference; lastKnownFileType = folder.assetcatalog; path = "Preview Assets.xcassets"; sourceTree = "<group>"; };
		8741CE6627B1442D00EF26BF /* Info.plist */ = {isa = PBXFileReference; lastKnownFileType = text.plist.xml; path = Info.plist; sourceTree = "<group>"; };
/* End PBXFileReference section */

/* Begin PBXFrameworksBuildPhase section */
		8741CE5727B1442C00EF26BF /* Frameworks */ = {
			isa = PBXFrameworksBuildPhase;
			buildActionMask = 2147483647;
			files = (
			);
			runOnlyForDeploymentPostprocessing = 0;
		};
/* End PBXFrameworksBuildPhase section */

/* Begin PBXGroup section */
		871DA41C27B7C10600A66075 /* Friends */ = {
			isa = PBXGroup;
			children = (
				871DA41E27B7C18600A66075 /* FriendsView.swift */,
			);
			path = Friends;
			sourceTree = "<group>";
		};
		871DA41D27B7C10F00A66075 /* Groups */ = {
			isa = PBXGroup;
			children = (
				871DA42927B7D14100A66075 /* GroupsView.swift */,
			);
			path = Groups;
			sourceTree = "<group>";
		};
		871DA42427B7C58800A66075 /* General */ = {
			isa = PBXGroup;
			children = (
				871DA42527B7C5EE00A66075 /* BuilderAvatarAndName.swift */,
				871DA42727B7C76900A66075 /* ViewModifier.swift */,
			);
			path = General;
			sourceTree = "<group>";
		};
		871DA42B27B7D55700A66075 /* LoginScreen */ = {
			isa = PBXGroup;
			children = (
				8741CE5F27B1442C00EF26BF /* ContentView.swift */,
			);
			path = LoginScreen;
			sourceTree = "<group>";
		};
		8741CE5127B1442C00EF26BF = {
			isa = PBXGroup;
			children = (
				8741CE5C27B1442C00EF26BF /* VK_SwiftUI */,
				8741CE5B27B1442C00EF26BF /* Products */,
			);
			sourceTree = "<group>";
		};
		8741CE5B27B1442C00EF26BF /* Products */ = {
			isa = PBXGroup;
			children = (
				8741CE5A27B1442C00EF26BF /* VK_SwiftUI.app */,
			);
			name = Products;
			sourceTree = "<group>";
		};
		8741CE5C27B1442C00EF26BF /* VK_SwiftUI */ = {
			isa = PBXGroup;
			children = (
				8741CE5D27B1442C00EF26BF /* VK_SwiftUIApp.swift */,
				871DA42B27B7D55700A66075 /* LoginScreen */,
				871DA42427B7C58800A66075 /* General */,
				871DA41C27B7C10600A66075 /* Friends */,
				871DA41D27B7C10F00A66075 /* Groups */,
				8741CE6127B1442D00EF26BF /* Assets.xcassets */,
				8741CE6627B1442D00EF26BF /* Info.plist */,
				8741CE6327B1442D00EF26BF /* Preview Content */,
			);
			path = VK_SwiftUI;
			sourceTree = "<group>";
		};
		8741CE6327B1442D00EF26BF /* Preview Content */ = {
			isa = PBXGroup;
			children = (
				8741CE6427B1442D00EF26BF /* Preview Assets.xcassets */,
			);
			path = "Preview Content";
			sourceTree = "<group>";
		};
/* End PBXGroup section */

/* Begin PBXNativeTarget section */
		8741CE5927B1442C00EF26BF /* VK_SwiftUI */ = {
			isa = PBXNativeTarget;
			buildConfigurationList = 8741CE6927B1442D00EF26BF /* Build configuration list for PBXNativeTarget "VK_SwiftUI" */;
			buildPhases = (
				8741CE5627B1442C00EF26BF /* Sources */,
				8741CE5727B1442C00EF26BF /* Frameworks */,
				8741CE5827B1442C00EF26BF /* Resources */,
			);
			buildRules = (
			);
			dependencies = (
			);
			name = VK_SwiftUI;
			productName = VK_SwiftUI;
			productReference = 8741CE5A27B1442C00EF26BF /* VK_SwiftUI.app */;
			productType = "com.apple.product-type.application";
		};
/* End PBXNativeTarget section */

/* Begin PBXProject section */
		8741CE5227B1442C00EF26BF /* Project object */ = {
			isa = PBXProject;
			attributes = {
				LastSwiftUpdateCheck = 1250;
				LastUpgradeCheck = 1250;
				TargetAttributes = {
					8741CE5927B1442C00EF26BF = {
						CreatedOnToolsVersion = 12.5.1;
					};
				};
			};
			buildConfigurationList = 8741CE5527B1442C00EF26BF /* Build configuration list for PBXProject "VK_SwiftUI" */;
			compatibilityVersion = "Xcode 9.3";
			developmentRegion = en;
			hasScannedForEncodings = 0;
			knownRegions = (
				en,
				Base,
			);
			mainGroup = 8741CE5127B1442C00EF26BF;
			productRefGroup = 8741CE5B27B1442C00EF26BF /* Products */;
			projectDirPath = "";
			projectRoot = "";
			targets = (
				8741CE5927B1442C00EF26BF /* VK_SwiftUI */,
			);
		};
/* End PBXProject section */

/* Begin PBXResourcesBuildPhase section */
		8741CE5827B1442C00EF26BF /* Resources */ = {
			isa = PBXResourcesBuildPhase;
			buildActionMask = 2147483647;
			files = (
				8741CE6527B1442D00EF26BF /* Preview Assets.xcassets in Resources */,
				8741CE6227B1442D00EF26BF /* Assets.xcassets in Resources */,
			);
			runOnlyForDeploymentPostprocessing = 0;
		};
/* End PBXResourcesBuildPhase section */

/* Begin PBXSourcesBuildPhase section */
		8741CE5627B1442C00EF26BF /* Sources */ = {
			isa = PBXSourcesBuildPhase;
			buildActionMask = 2147483647;
			files = (
				871DA41F27B7C18600A66075 /* FriendsView.swift in Sources */,
				871DA42827B7C76900A66075 /* ViewModifier.swift in Sources */,
				8741CE6027B1442C00EF26BF /* ContentView.swift in Sources */,
				8741CE5E27B1442C00EF26BF /* VK_SwiftUIApp.swift in Sources */,
				871DA42A27B7D14100A66075 /* GroupsView.swift in Sources */,
				871DA42627B7C5EE00A66075 /* BuilderAvatarAndName.swift in Sources */,
			);
			runOnlyForDeploymentPostprocessing = 0;
		};
/* End PBXSourcesBuildPhase section */

/* Begin XCBuildConfiguration section */
		8741CE6727B1442D00EF26BF /* Debug */ = {
			isa = XCBuildConfiguration;
			buildSettings = {
				ALWAYS_SEARCH_USER_PATHS = NO;
				CLANG_ANALYZER_NONNULL = YES;
				CLANG_ANALYZER_NUMBER_OBJECT_CONVERSION = YES_AGGRESSIVE;
				CLANG_CXX_LANGUAGE_STANDARD = "gnu++14";
				CLANG_CXX_LIBRARY = "libc++";
				CLANG_ENABLE_MODULES = YES;
				CLANG_ENABLE_OBJC_ARC = YES;
				CLANG_ENABLE_OBJC_WEAK = YES;
				CLANG_WARN_BLOCK_CAPTURE_AUTORELEASING = YES;
				CLANG_WARN_BOOL_CONVERSION = YES;
				CLANG_WARN_COMMA = YES;
				CLANG_WARN_CONSTANT_CONVERSION = YES;
				CLANG_WARN_DEPRECATED_OBJC_IMPLEMENTATIONS = YES;
				CLANG_WARN_DIRECT_OBJC_ISA_USAGE = YES_ERROR;
				CLANG_WARN_DOCUMENTATION_COMMENTS = YES;
				CLANG_WARN_EMPTY_BODY = YES;
				CLANG_WARN_ENUM_CONVERSION = YES;
				CLANG_WARN_INFINITE_RECURSION = YES;
				CLANG_WARN_INT_CONVERSION = YES;
				CLANG_WARN_NON_LITERAL_NULL_CONVERSION = YES;
				CLANG_WARN_OBJC_IMPLICIT_RETAIN_SELF = YES;
				CLANG_WARN_OBJC_LITERAL_CONVERSION = YES;
				CLANG_WARN_OBJC_ROOT_CLASS = YES_ERROR;
				CLANG_WARN_QUOTED_INCLUDE_IN_FRAMEWORK_HEADER = YES;
				CLANG_WARN_RANGE_LOOP_ANALYSIS = YES;
				CLANG_WARN_STRICT_PROTOTYPES = YES;
				CLANG_WARN_SUSPICIOUS_MOVE = YES;
				CLANG_WARN_UNGUARDED_AVAILABILITY = YES_AGGRESSIVE;
				CLANG_WARN_UNREACHABLE_CODE = YES;
				CLANG_WARN__DUPLICATE_METHOD_MATCH = YES;
				COPY_PHASE_STRIP = NO;
				DEBUG_INFORMATION_FORMAT = dwarf;
				ENABLE_STRICT_OBJC_MSGSEND = YES;
				ENABLE_TESTABILITY = YES;
				GCC_C_LANGUAGE_STANDARD = gnu11;
				GCC_DYNAMIC_NO_PIC = NO;
				GCC_NO_COMMON_BLOCKS = YES;
				GCC_OPTIMIZATION_LEVEL = 0;
				GCC_PREPROCESSOR_DEFINITIONS = (
					"DEBUG=1",
					"$(inherited)",
				);
				GCC_WARN_64_TO_32_BIT_CONVERSION = YES;
				GCC_WARN_ABOUT_RETURN_TYPE = YES_ERROR;
				GCC_WARN_UNDECLARED_SELECTOR = YES;
				GCC_WARN_UNINITIALIZED_AUTOS = YES_AGGRESSIVE;
				GCC_WARN_UNUSED_FUNCTION = YES;
				GCC_WARN_UNUSED_VARIABLE = YES;
				IPHONEOS_DEPLOYMENT_TARGET = 14.5;
				MTL_ENABLE_DEBUG_INFO = INCLUDE_SOURCE;
				MTL_FAST_MATH = YES;
				ONLY_ACTIVE_ARCH = YES;
				SDKROOT = iphoneos;
				SWIFT_ACTIVE_COMPILATION_CONDITIONS = DEBUG;
				SWIFT_OPTIMIZATION_LEVEL = "-Onone";
			};
			name = Debug;
		};
		8741CE6827B1442D00EF26BF /* Release */ = {
			isa = XCBuildConfiguration;
			buildSettings = {
				ALWAYS_SEARCH_USER_PATHS = NO;
				CLANG_ANALYZER_NONNULL = YES;
				CLANG_ANALYZER_NUMBER_OBJECT_CONVERSION = YES_AGGRESSIVE;
				CLANG_CXX_LANGUAGE_STANDARD = "gnu++14";
				CLANG_CXX_LIBRARY = "libc++";
				CLANG_ENABLE_MODULES = YES;
				CLANG_ENABLE_OBJC_ARC = YES;
				CLANG_ENABLE_OBJC_WEAK = YES;
				CLANG_WARN_BLOCK_CAPTURE_AUTORELEASING = YES;
				CLANG_WARN_BOOL_CONVERSION = YES;
				CLANG_WARN_COMMA = YES;
				CLANG_WARN_CONSTANT_CONVERSION = YES;
				CLANG_WARN_DEPRECATED_OBJC_IMPLEMENTATIONS = YES;
				CLANG_WARN_DIRECT_OBJC_ISA_USAGE = YES_ERROR;
				CLANG_WARN_DOCUMENTATION_COMMENTS = YES;
				CLANG_WARN_EMPTY_BODY = YES;
				CLANG_WARN_ENUM_CONVERSION = YES;
				CLANG_WARN_INFINITE_RECURSION = YES;
				CLANG_WARN_INT_CONVERSION = YES;
				CLANG_WARN_NON_LITERAL_NULL_CONVERSION = YES;
				CLANG_WARN_OBJC_IMPLICIT_RETAIN_SELF = YES;
				CLANG_WARN_OBJC_LITERAL_CONVERSION = YES;
				CLANG_WARN_OBJC_ROOT_CLASS = YES_ERROR;
				CLANG_WARN_QUOTED_INCLUDE_IN_FRAMEWORK_HEADER = YES;
				CLANG_WARN_RANGE_LOOP_ANALYSIS = YES;
				CLANG_WARN_STRICT_PROTOTYPES = YES;
				CLANG_WARN_SUSPICIOUS_MOVE = YES;
				CLANG_WARN_UNGUARDED_AVAILABILITY = YES_AGGRESSIVE;
				CLANG_WARN_UNREACHABLE_CODE = YES;
				CLANG_WARN__DUPLICATE_METHOD_MATCH = YES;
				COPY_PHASE_STRIP = NO;
				DEBUG_INFORMATION_FORMAT = "dwarf-with-dsym";
				ENABLE_NS_ASSERTIONS = NO;
				ENABLE_STRICT_OBJC_MSGSEND = YES;
				GCC_C_LANGUAGE_STANDARD = gnu11;
				GCC_NO_COMMON_BLOCKS = YES;
				GCC_WARN_64_TO_32_BIT_CONVERSION = YES;
				GCC_WARN_ABOUT_RETURN_TYPE = YES_ERROR;
				GCC_WARN_UNDECLARED_SELECTOR = YES;
				GCC_WARN_UNINITIALIZED_AUTOS = YES_AGGRESSIVE;
				GCC_WARN_UNUSED_FUNCTION = YES;
				GCC_WARN_UNUSED_VARIABLE = YES;
				IPHONEOS_DEPLOYMENT_TARGET = 14.5;
				MTL_ENABLE_DEBUG_INFO = NO;
				MTL_FAST_MATH = YES;
				SDKROOT = iphoneos;
				SWIFT_COMPILATION_MODE = wholemodule;
				SWIFT_OPTIMIZATION_LEVEL = "-O";
				VALIDATE_PRODUCT = YES;
			};
			name = Release;
		};
		8741CE6A27B1442D00EF26BF /* Debug */ = {
			isa = XCBuildConfiguration;
			buildSettings = {
				ASSETCATALOG_COMPILER_APPICON_NAME = AppIcon;
				ASSETCATALOG_COMPILER_GLOBAL_ACCENT_COLOR_NAME = AccentColor;
				CODE_SIGN_STYLE = Automatic;
				DEVELOPMENT_ASSET_PATHS = "\"VK_SwiftUI/Preview Content\"";
				DEVELOPMENT_TEAM = S5TSM2AJ6F;
				ENABLE_PREVIEWS = YES;
				INFOPLIST_FILE = VK_SwiftUI/Info.plist;
				IPHONEOS_DEPLOYMENT_TARGET = 14.0;
				LD_RUNPATH_SEARCH_PATHS = (
					"$(inherited)",
					"@executable_path/Frameworks",
				);
				PRODUCT_BUNDLE_IDENTIFIER = "com.AtrashkovNikita.VK-SwiftUI";
				PRODUCT_NAME = "$(TARGET_NAME)";
				SWIFT_VERSION = 5.0;
				TARGETED_DEVICE_FAMILY = "1,2";
			};
			name = Debug;
		};
		8741CE6B27B1442D00EF26BF /* Release */ = {
			isa = XCBuildConfiguration;
			buildSettings = {
				ASSETCATALOG_COMPILER_APPICON_NAME = AppIcon;
				ASSETCATALOG_COMPILER_GLOBAL_ACCENT_COLOR_NAME = AccentColor;
				CODE_SIGN_STYLE = Automatic;
				DEVELOPMENT_ASSET_PATHS = "\"VK_SwiftUI/Preview Content\"";
				DEVELOPMENT_TEAM = S5TSM2AJ6F;
				ENABLE_PREVIEWS = YES;
				INFOPLIST_FILE = VK_SwiftUI/Info.plist;
				IPHONEOS_DEPLOYMENT_TARGET = 14.0;
				LD_RUNPATH_SEARCH_PATHS = (
					"$(inherited)",
					"@executable_path/Frameworks",
				);
				PRODUCT_BUNDLE_IDENTIFIER = "com.AtrashkovNikita.VK-SwiftUI";
				PRODUCT_NAME = "$(TARGET_NAME)";
				SWIFT_VERSION = 5.0;
				TARGETED_DEVICE_FAMILY = "1,2";
			};
			name = Release;
		};
/* End XCBuildConfiguration section */

/* Begin XCConfigurationList section */
		8741CE5527B1442C00EF26BF /* Build configuration list for PBXProject "VK_SwiftUI" */ = {
			isa = XCConfigurationList;
			buildConfigurations = (
				8741CE6727B1442D00EF26BF /* Debug */,
				8741CE6827B1442D00EF26BF /* Release */,
			);
			defaultConfigurationIsVisible = 0;
			defaultConfigurationName = Release;
		};
		8741CE6927B1442D00EF26BF /* Build configuration list for PBXNativeTarget "VK_SwiftUI" */ = {
			isa = XCConfigurationList;
			buildConfigurations = (
				8741CE6A27B1442D00EF26BF /* Debug */,
				8741CE6B27B1442D00EF26BF /* Release */,
			);
			defaultConfigurationIsVisible = 0;
			defaultConfigurationName = Release;
		};
/* End XCConfigurationList section */
	};
	rootObject = 8741CE5227B1442C00EF26BF /* Project object */;
}
